<Solution>
  <Folder Name="/src/">
    <Project Path="src/M2NET.Core/M2NET.Core.csproj" />
    <Project Path="src/PeopleCore.API/PeopleCore.API.csproj" />
    <Project Path="src/PeopleCore.Application/PeopleCore.Application.csproj" />
    <Project Path="src/PeopleCore.Domain/PeopleCore.Domain.csproj" />
    <Project Path="src/PeopleCore.Infrastructure/PeopleCore.Infrastructure.csproj" />
    <Project Path="src/PeopleCore.Reports/PeopleCore.Reports.csproj" />
    <Project Path="src/PeopleCore.Web/PeopleCore.Web.csproj" />
  </Folder>
  <Folder Name="/tests/">
    <Project Path="tests/PeopleCore.Application.Tests/PeopleCore.Application.Tests.csproj" />
    <Project Path="tests/PeopleCore.Infrastructure.Tests/PeopleCore.Infrastructure.Tests.csproj" />
  </Folder>
</Solution>
